
Microsoft Visual Studio Solution File, Format Version 12.00
# Visual Studio 15
VisualStudioVersion = 15.0.28307.1300
MinimumVisualStudioVersion = 10.0.40219.1
Project("{888888A0-9F3D-457C-B088-3A5042F75D52}") = "task_parse", "task_parse\task_parse.pyproj", "{71314D26-6E12-4810-AB26-70AEE58AEAD8}"
EndProject
Global
	GlobalSection(SolutionConfigurationPlatforms) = preSolution
		Debug|Any CPU = Debug|Any CPU
		Release|Any CPU = Release|Any CPU
	EndGlobalSection
	GlobalSection(ProjectConfigurationPlatforms) = postSolution
		{71314D26-6E12-4810-AB26-70AEE58AEAD8}.Debug|Any CPU.ActiveCfg = Debug|Any CPU
		{71314D26-6E12-4810-AB26-70AEE58AEAD8}.Release|Any CPU.ActiveCfg = Release|Any CPU
	EndGlobalSection
	GlobalSection(SolutionProperties) = preSolution
		HideSolutionNode = FALSE
	EndGlobalSection
	GlobalSection(ExtensibilityGlobals) = postSolution
		SolutionGuid = {0742142C-A568-42FC-9F88-9E901B17EB89}
	EndGlobalSection
EndGlobal
